
Microsoft Visual Studio Solution File, Format Version 12.00
# Visual Studio Version 16
VisualStudioVersion = 16.0.28917.182
MinimumVisualStudioVersion = 10.0.40219.1
Project("{FAE04EC0-301F-11D3-BF4B-00C04F79EFBC}") = "Home.SmartLock", "Home.SmartLock\Home.SmartLock.csproj", "{94DBDC55-FBB4-44A0-86B9-17895F1D07F7}"
EndProject
Global
	GlobalSection(SolutionConfigurationPlatforms) = preSolution
		Debug|Any CPU = Debug|Any CPU
		Release|Any CPU = Release|Any CPU
	EndGlobalSection
	GlobalSection(ProjectConfigurationPlatforms) = postSolution
		{94DBDC55-FBB4-44A0-86B9-17895F1D07F7}.Debug|Any CPU.ActiveCfg = Debug|Any CPU
		{94DBDC55-FBB4-44A0-86B9-17895F1D07F7}.Debug|Any CPU.Build.0 = Debug|Any CPU
		{94DBDC55-FBB4-44A0-86B9-17895F1D07F7}.Release|Any CPU.ActiveCfg = Release|Any CPU
		{94DBDC55-FBB4-44A0-86B9-17895F1D07F7}.Release|Any CPU.Build.0 = Release|Any CPU
	EndGlobalSection
	GlobalSection(SolutionProperties) = preSolution
		HideSolutionNode = FALSE
	EndGlobalSection
	GlobalSection(ExtensibilityGlobals) = postSolution
		SolutionGuid = {D0FF5843-AC2B-4F5C-B67E-F969344F8C0B}
	EndGlobalSection
EndGlobal
